
Microsoft Visual Studio Solution File, Format Version 12.00
# Visual Studio Version 17
VisualStudioVersion = 17.3.32929.385
MinimumVisualStudioVersion = 10.0.40219.1
Project("{FAE04EC0-301F-11D3-BF4B-00C04F79EFBC}") = "Lab1", "Lab1.csproj", "{02D6320D-9248-4F7C-AB51-61AF309815EC}"
EndProject
Global
	GlobalSection(SolutionConfigurationPlatforms) = preSolution
		Debug|Any CPU = Debug|Any CPU
		Release|Any CPU = Release|Any CPU
	EndGlobalSection
	GlobalSection(ProjectConfigurationPlatforms) = postSolution
		{02D6320D-9248-4F7C-AB51-61AF309815EC}.Debug|Any CPU.ActiveCfg = Debug|Any CPU
		{02D6320D-9248-4F7C-AB51-61AF309815EC}.Debug|Any CPU.Build.0 = Debug|Any CPU
		{02D6320D-9248-4F7C-AB51-61AF309815EC}.Release|Any CPU.ActiveCfg = Release|Any CPU
		{02D6320D-9248-4F7C-AB51-61AF309815EC}.Release|Any CPU.Build.0 = Release|Any CPU
	EndGlobalSection
	GlobalSection(SolutionProperties) = preSolution
		HideSolutionNode = FALSE
	EndGlobalSection
	GlobalSection(ExtensibilityGlobals) = postSolution
		SolutionGuid = {28712A90-7EC3-4936-A70C-9CCC8A4ECB13}
	EndGlobalSection
EndGlobal
